github.com/sebito91/sebtest/greetings v0.0.0-20230307172356-4fb7f3f2343f h1:kVIkLfXzmRqnWGFjZaPKKR3pd6BgTiVM1FqB6Fvb8iM=
github.com/sebito91/sebtest/greetings v0.0.0-20230307172356-4fb7f3f2343f/go.mod h1:eRNrTb2XerleUZwqAJfL1AoBlZ6yALfXfFNiYqNSbTA=
github.com/sebito91/sebtest/greetings v0.0.0-20230307174552-de5f0df16274 h1:0RdwZGSCg8y7s+tz69VjSRkz7CzuiK+DUHJv0RX2uaY=
github.com/sebito91/sebtest/greetings v0.0.0-20230307174552-de5f0df16274/go.mod h1:eRNrTb2XerleUZwqAJfL1AoBlZ6yALfXfFNiYqNSbTA=
